// !$*UTF8*$!
{
	archiveVersion = 1;
	classes = {
	};
	objectVersion = 46;
	objects = {

/* Begin PBXBuildFile section */
		EB823C961EAEA80A00665B60 /* AppDelegate.swift in Sources */ = {isa = PBXBuildFile; fileRef = EB823C951EAEA80A00665B60 /* AppDelegate.swift */; };
		EB823C981EAEA80A00665B60 /* ViewController.swift in Sources */ = {isa = PBXBuildFile; fileRef = EB823C971EAEA80A00665B60 /* ViewController.swift */; };
		EB823C9B1EAEA80A00665B60 /* Main.storyboard in Resources */ = {isa = PBXBuildFile; fileRef = EB823C991EAEA80A00665B60 /* Main.storyboard */; };
		EB823C9D1EAEA80A00665B60 /* Assets.xcassets in Resources */ = {isa = PBXBuildFile; fileRef = EB823C9C1EAEA80A00665B60 /* Assets.xcassets */; };
		EB823CA01EAEA80A00665B60 /* LaunchScreen.storyboard in Resources */ = {isa = PBXBuildFile; fileRef = EB823C9E1EAEA80A00665B60 /* LaunchScreen.storyboard */; };
		EB823CA81EAEA88F00665B60 /* ObelixProB.ttf in Resources */ = {isa = PBXBuildFile; fileRef = EB823CA71EAEA88F00665B60 /* ObelixProB.ttf */; };
/* End PBXBuildFile section */

/* Begin PBXFileReference section */
		EB823C921EAEA80A00665B60 /* TapMe.app */ = {isa = PBXFileReference; explicitFileType = wrapper.application; includeInIndex = 0; path = TapMe.app; sourceTree = BUILT_PRODUCTS_DIR; };
		EB823C951EAEA80A00665B60 /* AppDelegate.swift */ = {isa = PBXFileReference; lastKnownFileType = sourcecode.swift; path = AppDelegate.swift; sourceTree = "<group>"; };
		EB823C971EAEA80A00665B60 /* ViewController.swift */ = {isa = PBXFileReference; lastKnownFileType = sourcecode.swift; path = ViewController.swift; sourceTree = "<group>"; };
		EB823C9A1EAEA80A00665B60 /* Base */ = {isa = PBXFileReference; lastKnownFileType = file.storyboard; name = Base; path = Base.lproj/Main.storyboard; sourceTree = "<group>"; };
		EB823C9C1EAEA80A00665B60 /* Assets.xcassets */ = {isa = PBXFileReference; lastKnownFileType = folder.assetcatalog; path = Assets.xcassets; sourceTree = "<group>"; };
		EB823C9F1EAEA80A00665B60 /* Base */ = {isa = PBXFileReference; lastKnownFileType = file.storyboard; name = Base; path = Base.lproj/LaunchScreen.storyboard; sourceTree = "<group>"; };
		EB823CA11EAEA80A00665B60 /* Info.plist */ = {isa = PBXFileReference; lastKnownFileType = text.plist.xml; path = Info.plist; sourceTree = "<group>"; };
		EB823CA71EAEA88F00665B60 /* ObelixProB.ttf */ = {isa = PBXFileReference; lastKnownFileType = file; path = ObelixProB.ttf; sourceTree = "<group>"; };
/* End PBXFileReference section */

/* Begin PBXFrameworksBuildPhase section */
		EB823C8F1EAEA80A00665B60 /* Frameworks */ = {
			isa = PBXFrameworksBuildPhase;
			buildActionMask = 2147483647;
			files = (
			);
			runOnlyForDeploymentPostprocessing = 0;
		};
/* End PBXFrameworksBuildPhase section */

/* Begin PBXGroup section */
		EB823C891EAEA80A00665B60 = {
			isa = PBXGroup;
			children = (
				EB823C941EAEA80A00665B60 /* TapMe */,
				EB823C931EAEA80A00665B60 /* Products */,
			);
			sourceTree = "<group>";
		};
		EB823C931EAEA80A00665B60 /* Products */ = {
			isa = PBXGroup;
			children = (
				EB823C921EAEA80A00665B60 /* TapMe.app */,
			);
			name = Products;
			sourceTree = "<group>";
		};
		EB823C941EAEA80A00665B60 /* TapMe */ = {
			isa = PBXGroup;
			children = (
				EB823C951EAEA80A00665B60 /* AppDelegate.swift */,
				EB823C971EAEA80A00665B60 /* ViewController.swift */,
				EB823C991EAEA80A00665B60 /* Main.storyboard */,
				EB823C9C1EAEA80A00665B60 /* Assets.xcassets */,
				EB823C9E1EAEA80A00665B60 /* LaunchScreen.storyboard */,
				EB823CA11EAEA80A00665B60 /* Info.plist */,
				EB823CA71EAEA88F00665B60 /* ObelixProB.ttf */,
			);
			path = TapMe;
			sourceTree = "<group>";
		};
/* End PBXGroup section */

/* Begin PBXNativeTarget section */
		EB823C911EAEA80A00665B60 /* TapMe */ = {
			isa = PBXNativeTarget;
			buildConfigurationList = EB823CA41EAEA80A00665B60 /* Build configuration list for PBXNativeTarget "TapMe" */;
			buildPhases = (
				EB823C8E1EAEA80A00665B60 /* Sources */,
				EB823C8F1EAEA80A00665B60 /* Frameworks */,
				EB823C901EAEA80A00665B60 /* Resources */,
			);
			buildRules = (
			);
			dependencies = (
			);
			name = TapMe;
			productName = TapMe;
			productReference = EB823C921EAEA80A00665B60 /* TapMe.app */;
			productType = "com.apple.product-type.application";
		};
/* End PBXNativeTarget section */

/* Begin PBXProject section */
		EB823C8A1EAEA80A00665B60 /* Project object */ = {
			isa = PBXProject;
			attributes = {
				LastSwiftUpdateCheck = 0830;
				LastUpgradeCheck = 0830;
				ORGANIZATIONNAME = "Iam Wayne";
				TargetAttributes = {
					EB823C911EAEA80A00665B60 = {
						CreatedOnToolsVersion = 8.3.1;
						ProvisioningStyle = Automatic;
					};
				};
			};
			buildConfigurationList = EB823C8D1EAEA80A00665B60 /* Build configuration list for PBXProject "TapMe" */;
			compatibilityVersion = "Xcode 3.2";
			developmentRegion = English;
			hasScannedForEncodings = 0;
			knownRegions = (
				en,
				Base,
			);
			mainGroup = EB823C891EAEA80A00665B60;
			productRefGroup = EB823C931EAEA80A00665B60 /* Products */;
			projectDirPath = "";
			projectRoot = "";
			targets = (
				EB823C911EAEA80A00665B60 /* TapMe */,
			);
		};
/* End PBXProject section */

/* Begin PBXResourcesBuildPhase section */
		EB823C901EAEA80A00665B60 /* Resources */ = {
			isa = PBXResourcesBuildPhase;
			buildActionMask = 2147483647;
			files = (
				EB823CA81EAEA88F00665B60 /* ObelixProB.ttf in Resources */,
				EB823CA01EAEA80A00665B60 /* LaunchScreen.storyboard in Resources */,
				EB823C9D1EAEA80A00665B60 /* Assets.xcassets in Resources */,
				EB823C9B1EAEA80A00665B60 /* Main.storyboard in Resources */,
			);
			runOnlyForDeploymentPostprocessing = 0;
		};
/* End PBXResourcesBuildPhase section */

/* Begin PBXSourcesBuildPhase section */
		EB823C8E1EAEA80A00665B60 /* Sources */ = {
			isa = PBXSourcesBuildPhase;
			buildActionMask = 2147483647;
			files = (
				EB823C981EAEA80A00665B60 /* ViewController.swift in Sources */,
				EB823C961EAEA80A00665B60 /* AppDelegate.swift in Sources */,
			);
			runOnlyForDeploymentPostprocessing = 0;
		};
/* End PBXSourcesBuildPhase section */

/* Begin PBXVariantGroup section */
		EB823C991EAEA80A00665B60 /* Main.storyboard */ = {
			isa = PBXVariantGroup;
			children = (
				EB823C9A1EAEA80A00665B60 /* Base */,
			);
			name = Main.storyboard;
			sourceTree = "<group>";
		};
		EB823C9E1EAEA80A00665B60 /* LaunchScreen.storyboard */ = {
			isa = PBXVariantGroup;
			children = (
				EB823C9F1EAEA80A00665B60 /* Base */,
			);
			name = LaunchScreen.storyboard;
			sourceTree = "<group>";
		};
/* End PBXVariantGroup section */

/* Begin XCBuildConfiguration section */
		EB823CA21EAEA80A00665B60 /* Debug */ = {
			isa = XCBuildConfiguration;
			buildSettings = {
				ALWAYS_SEARCH_USER_PATHS = NO;
				CLANG_ANALYZER_NONNULL = YES;
				CLANG_ANALYZER_NUMBER_OBJECT_CONVERSION = YES_AGGRESSIVE;
				CLANG_CXX_LANGUAGE_STANDARD = "gnu++0x";
				CLANG_CXX_LIBRARY = "libc++";
				CLANG_ENABLE_MODULES = YES;
				CLANG_ENABLE_OBJC_ARC = YES;
				CLANG_WARN_BOOL_CONVERSION = YES;
				CLANG_WARN_CONSTANT_CONVERSION = YES;
				CLANG_WARN_DIRECT_OBJC_ISA_USAGE = YES_ERROR;
				CLANG_WARN_DOCUMENTATION_COMMENTS = YES;
				CLANG_WARN_EMPTY_BODY = YES;
				CLANG_WARN_ENUM_CONVERSION = YES;
				CLANG_WARN_INFINITE_RECURSION = YES;
				CLANG_WARN_INT_CONVERSION = YES;
				CLANG_WARN_OBJC_ROOT_CLASS = YES_ERROR;
				CLANG_WARN_SUSPICIOUS_MOVE = YES;
				CLANG_WARN_UNREACHABLE_CODE = YES;
				CLANG_WARN__DUPLICATE_METHOD_MATCH = YES;
				"CODE_SIGN_IDENTITY[sdk=iphoneos*]" = "iPhone Developer";
				COPY_PHASE_STRIP = NO;
				DEBUG_INFORMATION_FORMAT = dwarf;
				ENABLE_STRICT_OBJC_MSGSEND = YES;
				ENABLE_TESTABILITY = YES;
				GCC_C_LANGUAGE_STANDARD = gnu99;
				GCC_DYNAMIC_NO_PIC = NO;
				GCC_NO_COMMON_BLOCKS = YES;
				GCC_OPTIMIZATION_LEVEL = 0;
				GCC_PREPROCESSOR_DEFINITIONS = (
					"DEBUG=1",
					"$(inherited)",
				);
				GCC_WARN_64_TO_32_BIT_CONVERSION = YES;
				GCC_WARN_ABOUT_RETURN_TYPE = YES_ERROR;
				GCC_WARN_UNDECLARED_SELECTOR = YES;
				GCC_WARN_UNINITIALIZED_AUTOS = YES_AGGRESSIVE;
				GCC_WARN_UNUSED_FUNCTION = YES;
				GCC_WARN_UNUSED_VARIABLE = YES;
				IPHONEOS_DEPLOYMENT_TARGET = 10.3;
				MTL_ENABLE_DEBUG_INFO = YES;
				ONLY_ACTIVE_ARCH = YES;
				SDKROOT = iphoneos;
				SWIFT_ACTIVE_COMPILATION_CONDITIONS = DEBUG;
				SWIFT_OPTIMIZATION_LEVEL = "-Onone";
			};
			name = Debug;
		};
		EB823CA31EAEA80A00665B60 /* Release */ = {
			isa = XCBuildConfiguration;
			buildSettings = {
				ALWAYS_SEARCH_USER_PATHS = NO;
				CLANG_ANALYZER_NONNULL = YES;
				CLANG_ANALYZER_NUMBER_OBJECT_CONVERSION = YES_AGGRESSIVE;
				CLANG_CXX_LANGUAGE_STANDARD = "gnu++0x";
				CLANG_CXX_LIBRARY = "libc++";
				CLANG_ENABLE_MODULES = YES;
				CLANG_ENABLE_OBJC_ARC = YES;
				CLANG_WARN_BOOL_CONVERSION = YES;
				CLANG_WARN_CONSTANT_CONVERSION = YES;
				CLANG_WARN_DIRECT_OBJC_ISA_USAGE = YES_ERROR;
				CLANG_WARN_DOCUMENTATION_COMMENTS = YES;
				CLANG_WARN_EMPTY_BODY = YES;
				CLANG_WARN_ENUM_CONVERSION = YES;
				CLANG_WARN_INFINITE_RECURSION = YES;
				CLANG_WARN_INT_CONVERSION = YES;
				CLANG_WARN_OBJC_ROOT_CLASS = YES_ERROR;
				CLANG_WARN_SUSPICIOUS_MOVE = YES;
				CLANG_WARN_UNREACHABLE_CODE = YES;
				CLANG_WARN__DUPLICATE_METHOD_MATCH = YES;
				"CODE_SIGN_IDENTITY[sdk=iphoneos*]" = "iPhone Developer";
				COPY_PHASE_STRIP = NO;
				DEBUG_INFORMATION_FORMAT = "dwarf-with-dsym";
				ENABLE_NS_ASSERTIONS = NO;
				ENABLE_STRICT_OBJC_MSGSEND = YES;
				GCC_C_LANGUAGE_STANDARD = gnu99;
				GCC_NO_COMMON_BLOCKS = YES;
				GCC_WARN_64_TO_32_BIT_CONVERSION = YES;
				GCC_WARN_ABOUT_RETURN_TYPE = YES_ERROR;
				GCC_WARN_UNDECLARED_SELECTOR = YES;
				GCC_WARN_UNINITIALIZED_AUTOS = YES_AGGRESSIVE;
				GCC_WARN_UNUSED_FUNCTION = YES;
				GCC_WARN_UNUSED_VARIABLE = YES;
				IPHONEOS_DEPLOYMENT_TARGET = 10.3;
				MTL_ENABLE_DEBUG_INFO = NO;
				SDKROOT = iphoneos;
				SWIFT_OPTIMIZATION_LEVEL = "-Owholemodule";
				VALIDATE_PRODUCT = YES;
			};
			name = Release;
		};
		EB823CA51EAEA80A00665B60 /* Debug */ = {
			isa = XCBuildConfiguration;
			buildSettings = {
				ASSETCATALOG_COMPILER_APPICON_NAME = AppIcon;
				INFOPLIST_FILE = TapMe/Info.plist;
				LD_RUNPATH_SEARCH_PATHS = "$(inherited) @executable_path/Frameworks";
				PRODUCT_BUNDLE_IDENTIFIER = com.wayne.TapMe;
				PRODUCT_NAME = "$(TARGET_NAME)";
				SWIFT_VERSION = 3.0;
			};
			name = Debug;
		};
		EB823CA61EAEA80A00665B60 /* Release */ = {
			isa = XCBuildConfiguration;
			buildSettings = {
				ASSETCATALOG_COMPILER_APPICON_NAME = AppIcon;
				INFOPLIST_FILE = TapMe/Info.plist;
				LD_RUNPATH_SEARCH_PATHS = "$(inherited) @executable_path/Frameworks";
				PRODUCT_BUNDLE_IDENTIFIER = com.wayne.TapMe;
				PRODUCT_NAME = "$(TARGET_NAME)";
				SWIFT_VERSION = 3.0;
			};
			name = Release;
		};
/* End XCBuildConfiguration section */

/* Begin XCConfigurationList section */
		EB823C8D1EAEA80A00665B60 /* Build configuration list for PBXProject "TapMe" */ = {
			isa = XCConfigurationList;
			buildConfigurations = (
				EB823CA21EAEA80A00665B60 /* Debug */,
				EB823CA31EAEA80A00665B60 /* Release */,
			);
			defaultConfigurationIsVisible = 0;
			defaultConfigurationName = Release;
		};
		EB823CA41EAEA80A00665B60 /* Build configuration list for PBXNativeTarget "TapMe" */ = {
			isa = XCConfigurationList;
			buildConfigurations = (
				EB823CA51EAEA80A00665B60 /* Debug */,
				EB823CA61EAEA80A00665B60 /* Release */,
			);
			defaultConfigurationIsVisible = 0;
		};
/* End XCConfigurationList section */
	};
	rootObject = EB823C8A1EAEA80A00665B60 /* Project object */;
}
